// !$*UTF8*$!
{
	archiveVersion = 1;
	classes = {
	};
	objectVersion = 48;
	objects = {

/* Begin PBXBuildFile section */
		3FB752792197D07400AA0D55 /* AppDelegate.swift in Sources */ = {isa = PBXBuildFile; fileRef = 3FB752782197D07400AA0D55 /* AppDelegate.swift */; };
		3FB7527B2197D07400AA0D55 /* ViewController.swift in Sources */ = {isa = PBXBuildFile; fileRef = 3FB7527A2197D07400AA0D55 /* ViewController.swift */; };
		3FB7527E2197D07400AA0D55 /* Main.storyboard in Resources */ = {isa = PBXBuildFile; fileRef = 3FB7527C2197D07400AA0D55 /* Main.storyboard */; };
		3FB752802197D07400AA0D55 /* Assets.xcassets in Resources */ = {isa = PBXBuildFile; fileRef = 3FB7527F2197D07400AA0D55 /* Assets.xcassets */; };
		3FB752832197D07400AA0D55 /* LaunchScreen.storyboard in Resources */ = {isa = PBXBuildFile; fileRef = 3FB752812197D07400AA0D55 /* LaunchScreen.storyboard */; };
		3FB7528E2197D07400AA0D55 /* ____Auto_LayoutTests.swift in Sources */ = {isa = PBXBuildFile; fileRef = 3FB7528D2197D07400AA0D55 /* ____Auto_LayoutTests.swift */; };
		3FB752992197D07400AA0D55 /* ____Auto_LayoutUITests.swift in Sources */ = {isa = PBXBuildFile; fileRef = 3FB752982197D07400AA0D55 /* ____Auto_LayoutUITests.swift */; };
		3FB752A72197EC6E00AA0D55 /* SecondLayout.storyboard in Resources */ = {isa = PBXBuildFile; fileRef = 3FB752A62197EC6E00AA0D55 /* SecondLayout.storyboard */; };
/* End PBXBuildFile section */

/* Begin PBXContainerItemProxy section */
		3FB7528A2197D07400AA0D55 /* PBXContainerItemProxy */ = {
			isa = PBXContainerItemProxy;
			containerPortal = 3FB7526D2197D07400AA0D55 /* Project object */;
			proxyType = 1;
			remoteGlobalIDString = 3FB752742197D07400AA0D55;
			remoteInfo = "实验六_Auto Layout";
		};
		3FB752952197D07400AA0D55 /* PBXContainerItemProxy */ = {
			isa = PBXContainerItemProxy;
			containerPortal = 3FB7526D2197D07400AA0D55 /* Project object */;
			proxyType = 1;
			remoteGlobalIDString = 3FB752742197D07400AA0D55;
			remoteInfo = "实验六_Auto Layout";
		};
/* End PBXContainerItemProxy section */

/* Begin PBXFileReference section */
		3FB752752197D07400AA0D55 /* 实验六_Auto Layout.app */ = {isa = PBXFileReference; explicitFileType = wrapper.application; includeInIndex = 0; path = "实验六_Auto Layout.app"; sourceTree = BUILT_PRODUCTS_DIR; };
		3FB752782197D07400AA0D55 /* AppDelegate.swift */ = {isa = PBXFileReference; lastKnownFileType = sourcecode.swift; path = AppDelegate.swift; sourceTree = "<group>"; };
		3FB7527A2197D07400AA0D55 /* ViewController.swift */ = {isa = PBXFileReference; lastKnownFileType = sourcecode.swift; path = ViewController.swift; sourceTree = "<group>"; };
		3FB7527D2197D07400AA0D55 /* Base */ = {isa = PBXFileReference; lastKnownFileType = file.storyboard; name = Base; path = Base.lproj/Main.storyboard; sourceTree = "<group>"; };
		3FB7527F2197D07400AA0D55 /* Assets.xcassets */ = {isa = PBXFileReference; lastKnownFileType = folder.assetcatalog; path = Assets.xcassets; sourceTree = "<group>"; };
		3FB752822197D07400AA0D55 /* Base */ = {isa = PBXFileReference; lastKnownFileType = file.storyboard; name = Base; path = Base.lproj/LaunchScreen.storyboard; sourceTree = "<group>"; };
		3FB752842197D07400AA0D55 /* Info.plist */ = {isa = PBXFileReference; lastKnownFileType = text.plist.xml; path = Info.plist; sourceTree = "<group>"; };
		3FB752892197D07400AA0D55 /* 实验六_Auto LayoutTests.xctest */ = {isa = PBXFileReference; explicitFileType = wrapper.cfbundle; includeInIndex = 0; path = "实验六_Auto LayoutTests.xctest"; sourceTree = BUILT_PRODUCTS_DIR; };
		3FB7528D2197D07400AA0D55 /* ____Auto_LayoutTests.swift */ = {isa = PBXFileReference; lastKnownFileType = sourcecode.swift; path = "____Auto_LayoutTests.swift"; sourceTree = "<group>"; };
		3FB7528F2197D07400AA0D55 /* Info.plist */ = {isa = PBXFileReference; lastKnownFileType = text.plist.xml; path = Info.plist; sourceTree = "<group>"; };
		3FB752942197D07400AA0D55 /* 实验六_Auto LayoutUITests.xctest */ = {isa = PBXFileReference; explicitFileType = wrapper.cfbundle; includeInIndex = 0; path = "实验六_Auto LayoutUITests.xctest"; sourceTree = BUILT_PRODUCTS_DIR; };
		3FB752982197D07400AA0D55 /* ____Auto_LayoutUITests.swift */ = {isa = PBXFileReference; lastKnownFileType = sourcecode.swift; path = "____Auto_LayoutUITests.swift"; sourceTree = "<group>"; };
		3FB7529A2197D07400AA0D55 /* Info.plist */ = {isa = PBXFileReference; lastKnownFileType = text.plist.xml; path = Info.plist; sourceTree = "<group>"; };
		3FB752A62197EC6E00AA0D55 /* SecondLayout.storyboard */ = {isa = PBXFileReference; lastKnownFileType = file.storyboard; path = SecondLayout.storyboard; sourceTree = "<group>"; };
/* End PBXFileReference section */

/* Begin PBXFrameworksBuildPhase section */
		3FB752722197D07400AA0D55 /* Frameworks */ = {
			isa = PBXFrameworksBuildPhase;
			buildActionMask = 2147483647;
			files = (
			);
			runOnlyForDeploymentPostprocessing = 0;
		};
		3FB752862197D07400AA0D55 /* Frameworks */ = {
			isa = PBXFrameworksBuildPhase;
			buildActionMask = 2147483647;
			files = (
			);
			runOnlyForDeploymentPostprocessing = 0;
		};
		3FB752912197D07400AA0D55 /* Frameworks */ = {
			isa = PBXFrameworksBuildPhase;
			buildActionMask = 2147483647;
			files = (
			);
			runOnlyForDeploymentPostprocessing = 0;
		};
/* End PBXFrameworksBuildPhase section */

/* Begin PBXGroup section */
		3FB7526C2197D07400AA0D55 = {
			isa = PBXGroup;
			children = (
				3FB752772197D07400AA0D55 /* 实验六_Auto Layout */,
				3FB7528C2197D07400AA0D55 /* 实验六_Auto LayoutTests */,
				3FB752972197D07400AA0D55 /* 实验六_Auto LayoutUITests */,
				3FB752762197D07400AA0D55 /* Products */,
			);
			sourceTree = "<group>";
		};
		3FB752762197D07400AA0D55 /* Products */ = {
			isa = PBXGroup;
			children = (
				3FB752752197D07400AA0D55 /* 实验六_Auto Layout.app */,
				3FB752892197D07400AA0D55 /* 实验六_Auto LayoutTests.xctest */,
				3FB752942197D07400AA0D55 /* 实验六_Auto LayoutUITests.xctest */,
			);
			name = Products;
			sourceTree = "<group>";
		};
		3FB752772197D07400AA0D55 /* 实验六_Auto Layout */ = {
			isa = PBXGroup;
			children = (
				3FB752782197D07400AA0D55 /* AppDelegate.swift */,
				3FB7527A2197D07400AA0D55 /* ViewController.swift */,
				3FB7527C2197D07400AA0D55 /* Main.storyboard */,
				3FB752A62197EC6E00AA0D55 /* SecondLayout.storyboard */,
				3FB7527F2197D07400AA0D55 /* Assets.xcassets */,
				3FB752812197D07400AA0D55 /* LaunchScreen.storyboard */,
				3FB752842197D07400AA0D55 /* Info.plist */,
			);
			path = "实验六_Auto Layout";
			sourceTree = "<group>";
		};
		3FB7528C2197D07400AA0D55 /* 实验六_Auto LayoutTests */ = {
			isa = PBXGroup;
			children = (
				3FB7528D2197D07400AA0D55 /* ____Auto_LayoutTests.swift */,
				3FB7528F2197D07400AA0D55 /* Info.plist */,
			);
			path = "实验六_Auto LayoutTests";
			sourceTree = "<group>";
		};
		3FB752972197D07400AA0D55 /* 实验六_Auto LayoutUITests */ = {
			isa = PBXGroup;
			children = (
				3FB752982197D07400AA0D55 /* ____Auto_LayoutUITests.swift */,
				3FB7529A2197D07400AA0D55 /* Info.plist */,
			);
			path = "实验六_Auto LayoutUITests";
			sourceTree = "<group>";
		};
/* End PBXGroup section */

/* Begin PBXNativeTarget section */
		3FB752742197D07400AA0D55 /* 实验六_Auto Layout */ = {
			isa = PBXNativeTarget;
			buildConfigurationList = 3FB7529D2197D07400AA0D55 /* Build configuration list for PBXNativeTarget "实验六_Auto Layout" */;
			buildPhases = (
				3FB752712197D07400AA0D55 /* Sources */,
				3FB752722197D07400AA0D55 /* Frameworks */,
				3FB752732197D07400AA0D55 /* Resources */,
			);
			buildRules = (
			);
			dependencies = (
			);
			name = "实验六_Auto Layout";
			productName = "实验六_Auto Layout";
			productReference = 3FB752752197D07400AA0D55 /* 实验六_Auto Layout.app */;
			productType = "com.apple.product-type.application";
		};
		3FB752882197D07400AA0D55 /* 实验六_Auto LayoutTests */ = {
			isa = PBXNativeTarget;
			buildConfigurationList = 3FB752A02197D07400AA0D55 /* Build configuration list for PBXNativeTarget "实验六_Auto LayoutTests" */;
			buildPhases = (
				3FB752852197D07400AA0D55 /* Sources */,
				3FB752862197D07400AA0D55 /* Frameworks */,
				3FB752872197D07400AA0D55 /* Resources */,
			);
			buildRules = (
			);
			dependencies = (
				3FB7528B2197D07400AA0D55 /* PBXTargetDependency */,
			);
			name = "实验六_Auto LayoutTests";
			productName = "实验六_Auto LayoutTests";
			productReference = 3FB752892197D07400AA0D55 /* 实验六_Auto LayoutTests.xctest */;
			productType = "com.apple.product-type.bundle.unit-test";
		};
		3FB752932197D07400AA0D55 /* 实验六_Auto LayoutUITests */ = {
			isa = PBXNativeTarget;
			buildConfigurationList = 3FB752A32197D07400AA0D55 /* Build configuration list for PBXNativeTarget "实验六_Auto LayoutUITests" */;
			buildPhases = (
				3FB752902197D07400AA0D55 /* Sources */,
				3FB752912197D07400AA0D55 /* Frameworks */,
				3FB752922197D07400AA0D55 /* Resources */,
			);
			buildRules = (
			);
			dependencies = (
				3FB752962197D07400AA0D55 /* PBXTargetDependency */,
			);
			name = "实验六_Auto LayoutUITests";
			productName = "实验六_Auto LayoutUITests";
			productReference = 3FB752942197D07400AA0D55 /* 实验六_Auto LayoutUITests.xctest */;
			productType = "com.apple.product-type.bundle.ui-testing";
		};
/* End PBXNativeTarget section */

/* Begin PBXProject section */
		3FB7526D2197D07400AA0D55 /* Project object */ = {
			isa = PBXProject;
			attributes = {
				LastSwiftUpdateCheck = 0900;
				LastUpgradeCheck = 0900;
				ORGANIZATIONNAME = QYS;
				TargetAttributes = {
					3FB752742197D07400AA0D55 = {
						CreatedOnToolsVersion = 9.0;
						ProvisioningStyle = Automatic;
					};
					3FB752882197D07400AA0D55 = {
						CreatedOnToolsVersion = 9.0;
						ProvisioningStyle = Automatic;
						TestTargetID = 3FB752742197D07400AA0D55;
					};
					3FB752932197D07400AA0D55 = {
						CreatedOnToolsVersion = 9.0;
						ProvisioningStyle = Automatic;
						TestTargetID = 3FB752742197D07400AA0D55;
					};
				};
			};
			buildConfigurationList = 3FB752702197D07400AA0D55 /* Build configuration list for PBXProject "实验六_Auto Layout" */;
			compatibilityVersion = "Xcode 8.0";
			developmentRegion = en;
			hasScannedForEncodings = 0;
			knownRegions = (
				en,
				Base,
			);
			mainGroup = 3FB7526C2197D07400AA0D55;
			productRefGroup = 3FB752762197D07400AA0D55 /* Products */;
			projectDirPath = "";
			projectRoot = "";
			targets = (
				3FB752742197D07400AA0D55 /* 实验六_Auto Layout */,
				3FB752882197D07400AA0D55 /* 实验六_Auto LayoutTests */,
				3FB752932197D07400AA0D55 /* 实验六_Auto LayoutUITests */,
			);
		};
/* End PBXProject section */

/* Begin PBXResourcesBuildPhase section */
		3FB752732197D07400AA0D55 /* Resources */ = {
			isa = PBXResourcesBuildPhase;
			buildActionMask = 2147483647;
			files = (
				3FB752A72197EC6E00AA0D55 /* SecondLayout.storyboard in Resources */,
				3FB752832197D07400AA0D55 /* LaunchScreen.storyboard in Resources */,
				3FB752802197D07400AA0D55 /* Assets.xcassets in Resources */,
				3FB7527E2197D07400AA0D55 /* Main.storyboard in Resources */,
			);
			runOnlyForDeploymentPostprocessing = 0;
		};
		3FB752872197D07400AA0D55 /* Resources */ = {
			isa = PBXResourcesBuildPhase;
			buildActionMask = 2147483647;
			files = (
			);
			runOnlyForDeploymentPostprocessing = 0;
		};
		3FB752922197D07400AA0D55 /* Resources */ = {
			isa = PBXResourcesBuildPhase;
			buildActionMask = 2147483647;
			files = (
			);
			runOnlyForDeploymentPostprocessing = 0;
		};
/* End PBXResourcesBuildPhase section */

/* Begin PBXSourcesBuildPhase section */
		3FB752712197D07400AA0D55 /* Sources */ = {
			isa = PBXSourcesBuildPhase;
			buildActionMask = 2147483647;
			files = (
				3FB7527B2197D07400AA0D55 /* ViewController.swift in Sources */,
				3FB752792197D07400AA0D55 /* AppDelegate.swift in Sources */,
			);
			runOnlyForDeploymentPostprocessing = 0;
		};
		3FB752852197D07400AA0D55 /* Sources */ = {
			isa = PBXSourcesBuildPhase;
			buildActionMask = 2147483647;
			files = (
				3FB7528E2197D07400AA0D55 /* ____Auto_LayoutTests.swift in Sources */,
			);
			runOnlyForDeploymentPostprocessing = 0;
		};
		3FB752902197D07400AA0D55 /* Sources */ = {
			isa = PBXSourcesBuildPhase;
			buildActionMask = 2147483647;
			files = (
				3FB752992197D07400AA0D55 /* ____Auto_LayoutUITests.swift in Sources */,
			);
			runOnlyForDeploymentPostprocessing = 0;
		};
/* End PBXSourcesBuildPhase section */

/* Begin PBXTargetDependency section */
		3FB7528B2197D07400AA0D55 /* PBXTargetDependency */ = {
			isa = PBXTargetDependency;
			target = 3FB752742197D07400AA0D55 /* 实验六_Auto Layout */;
			targetProxy = 3FB7528A2197D07400AA0D55 /* PBXContainerItemProxy */;
		};
		3FB752962197D07400AA0D55 /* PBXTargetDependency */ = {
			isa = PBXTargetDependency;
			target = 3FB752742197D07400AA0D55 /* 实验六_Auto Layout */;
			targetProxy = 3FB752952197D07400AA0D55 /* PBXContainerItemProxy */;
		};
/* End PBXTargetDependency section */

/* Begin PBXVariantGroup section */
		3FB7527C2197D07400AA0D55 /* Main.storyboard */ = {
			isa = PBXVariantGroup;
			children = (
				3FB7527D2197D07400AA0D55 /* Base */,
			);
			name = Main.storyboard;
			sourceTree = "<group>";
		};
		3FB752812197D07400AA0D55 /* LaunchScreen.storyboard */ = {
			isa = PBXVariantGroup;
			children = (
				3FB752822197D07400AA0D55 /* Base */,
			);
			name = LaunchScreen.storyboard;
			sourceTree = "<group>";
		};
/* End PBXVariantGroup section */

/* Begin XCBuildConfiguration section */
		3FB7529B2197D07400AA0D55 /* Debug */ = {
			isa = XCBuildConfiguration;
			buildSettings = {
				ALWAYS_SEARCH_USER_PATHS = NO;
				CLANG_ANALYZER_NONNULL = YES;
				CLANG_ANALYZER_NUMBER_OBJECT_CONVERSION = YES_AGGRESSIVE;
				CLANG_CXX_LANGUAGE_STANDARD = "gnu++14";
				CLANG_CXX_LIBRARY = "libc++";
				CLANG_ENABLE_MODULES = YES;
				CLANG_ENABLE_OBJC_ARC = YES;
				CLANG_WARN_BLOCK_CAPTURE_AUTORELEASING = YES;
				CLANG_WARN_BOOL_CONVERSION = YES;
				CLANG_WARN_COMMA = YES;
				CLANG_WARN_CONSTANT_CONVERSION = YES;
				CLANG_WARN_DIRECT_OBJC_ISA_USAGE = YES_ERROR;
				CLANG_WARN_DOCUMENTATION_COMMENTS = YES;
				CLANG_WARN_EMPTY_BODY = YES;
				CLANG_WARN_ENUM_CONVERSION = YES;
				CLANG_WARN_INFINITE_RECURSION = YES;
				CLANG_WARN_INT_CONVERSION = YES;
				CLANG_WARN_NON_LITERAL_NULL_CONVERSION = YES;
				CLANG_WARN_OBJC_LITERAL_CONVERSION = YES;
				CLANG_WARN_OBJC_ROOT_CLASS = YES_ERROR;
				CLANG_WARN_RANGE_LOOP_ANALYSIS = YES;
				CLANG_WARN_STRICT_PROTOTYPES = YES;
				CLANG_WARN_SUSPICIOUS_MOVE = YES;
				CLANG_WARN_UNGUARDED_AVAILABILITY = YES_AGGRESSIVE;
				CLANG_WARN_UNREACHABLE_CODE = YES;
				CLANG_WARN__DUPLICATE_METHOD_MATCH = YES;
				CODE_SIGN_IDENTITY = "iPhone Developer";
				COPY_PHASE_STRIP = NO;
				DEBUG_INFORMATION_FORMAT = dwarf;
				ENABLE_STRICT_OBJC_MSGSEND = YES;
				ENABLE_TESTABILITY = YES;
				GCC_C_LANGUAGE_STANDARD = gnu11;
				GCC_DYNAMIC_NO_PIC = NO;
				GCC_NO_COMMON_BLOCKS = YES;
				GCC_OPTIMIZATION_LEVEL = 0;
				GCC_PREPROCESSOR_DEFINITIONS = (
					"DEBUG=1",
					"$(inherited)",
				);
				GCC_WARN_64_TO_32_BIT_CONVERSION = YES;
				GCC_WARN_ABOUT_RETURN_TYPE = YES_ERROR;
				GCC_WARN_UNDECLARED_SELECTOR = YES;
				GCC_WARN_UNINITIALIZED_AUTOS = YES_AGGRESSIVE;
				GCC_WARN_UNUSED_FUNCTION = YES;
				GCC_WARN_UNUSED_VARIABLE = YES;
				IPHONEOS_DEPLOYMENT_TARGET = 11.0;
				MTL_ENABLE_DEBUG_INFO = YES;
				ONLY_ACTIVE_ARCH = YES;
				SDKROOT = iphoneos;
				SWIFT_ACTIVE_COMPILATION_CONDITIONS = DEBUG;
				SWIFT_OPTIMIZATION_LEVEL = "-Onone";
			};
			name = Debug;
		};
		3FB7529C2197D07400AA0D55 /* Release */ = {
			isa = XCBuildConfiguration;
			buildSettings = {
				ALWAYS_SEARCH_USER_PATHS = NO;
				CLANG_ANALYZER_NONNULL = YES;
				CLANG_ANALYZER_NUMBER_OBJECT_CONVERSION = YES_AGGRESSIVE;
				CLANG_CXX_LANGUAGE_STANDARD = "gnu++14";
				CLANG_CXX_LIBRARY = "libc++";
				CLANG_ENABLE_MODULES = YES;
				CLANG_ENABLE_OBJC_ARC = YES;
				CLANG_WARN_BLOCK_CAPTURE_AUTORELEASING = YES;
				CLANG_WARN_BOOL_CONVERSION = YES;
				CLANG_WARN_COMMA = YES;
				CLANG_WARN_CONSTANT_CONVERSION = YES;
				CLANG_WARN_DIRECT_OBJC_ISA_USAGE = YES_ERROR;
				CLANG_WARN_DOCUMENTATION_COMMENTS = YES;
				CLANG_WARN_EMPTY_BODY = YES;
				CLANG_WARN_ENUM_CONVERSION = YES;
				CLANG_WARN_INFINITE_RECURSION = YES;
				CLANG_WARN_INT_CONVERSION = YES;
				CLANG_WARN_NON_LITERAL_NULL_CONVERSION = YES;
				CLANG_WARN_OBJC_LITERAL_CONVERSION = YES;
				CLANG_WARN_OBJC_ROOT_CLASS = YES_ERROR;
				CLANG_WARN_RANGE_LOOP_ANALYSIS = YES;
				CLANG_WARN_STRICT_PROTOTYPES = YES;
				CLANG_WARN_SUSPICIOUS_MOVE = YES;
				CLANG_WARN_UNGUARDED_AVAILABILITY = YES_AGGRESSIVE;
				CLANG_WARN_UNREACHABLE_CODE = YES;
				CLANG_WARN__DUPLICATE_METHOD_MATCH = YES;
				CODE_SIGN_IDENTITY = "iPhone Developer";
				COPY_PHASE_STRIP = NO;
				DEBUG_INFORMATION_FORMAT = "dwarf-with-dsym";
				ENABLE_NS_ASSERTIONS = NO;
				ENABLE_STRICT_OBJC_MSGSEND = YES;
				GCC_C_LANGUAGE_STANDARD = gnu11;
				GCC_NO_COMMON_BLOCKS = YES;
				GCC_WARN_64_TO_32_BIT_CONVERSION = YES;
				GCC_WARN_ABOUT_RETURN_TYPE = YES_ERROR;
				GCC_WARN_UNDECLARED_SELECTOR = YES;
				GCC_WARN_UNINITIALIZED_AUTOS = YES_AGGRESSIVE;
				GCC_WARN_UNUSED_FUNCTION = YES;
				GCC_WARN_UNUSED_VARIABLE = YES;
				IPHONEOS_DEPLOYMENT_TARGET = 11.0;
				MTL_ENABLE_DEBUG_INFO = NO;
				SDKROOT = iphoneos;
				SWIFT_OPTIMIZATION_LEVEL = "-Owholemodule";
				VALIDATE_PRODUCT = YES;
			};
			name = Release;
		};
		3FB7529E2197D07400AA0D55 /* Debug */ = {
			isa = XCBuildConfiguration;
			buildSettings = {
				ASSETCATALOG_COMPILER_APPICON_NAME = AppIcon;
				CODE_SIGN_STYLE = Automatic;
				INFOPLIST_FILE = "实验六_Auto Layout/Info.plist";
				LD_RUNPATH_SEARCH_PATHS = "$(inherited) @executable_path/Frameworks";
				PRODUCT_BUNDLE_IDENTIFIER = "-016110329.----Auto-Layout";
				PRODUCT_NAME = "$(TARGET_NAME)";
				SWIFT_VERSION = 4.0;
				TARGETED_DEVICE_FAMILY = "1,2";
			};
			name = Debug;
		};
		3FB7529F2197D07400AA0D55 /* Release */ = {
			isa = XCBuildConfiguration;
			buildSettings = {
				ASSETCATALOG_COMPILER_APPICON_NAME = AppIcon;
				CODE_SIGN_STYLE = Automatic;
				INFOPLIST_FILE = "实验六_Auto Layout/Info.plist";
				LD_RUNPATH_SEARCH_PATHS = "$(inherited) @executable_path/Frameworks";
				PRODUCT_BUNDLE_IDENTIFIER = "-016110329.----Auto-Layout";
				PRODUCT_NAME = "$(TARGET_NAME)";
				SWIFT_VERSION = 4.0;
				TARGETED_DEVICE_FAMILY = "1,2";
			};
			name = Release;
		};
		3FB752A12197D07400AA0D55 /* Debug */ = {
			isa = XCBuildConfiguration;
			buildSettings = {
				ALWAYS_EMBED_SWIFT_STANDARD_LIBRARIES = YES;
				BUNDLE_LOADER = "$(TEST_HOST)";
				CODE_SIGN_STYLE = Automatic;
				INFOPLIST_FILE = "实验六_Auto LayoutTests/Info.plist";
				LD_RUNPATH_SEARCH_PATHS = "$(inherited) @executable_path/Frameworks @loader_path/Frameworks";
				PRODUCT_BUNDLE_IDENTIFIER = "-016110329.----Auto-LayoutTests";
				PRODUCT_NAME = "$(TARGET_NAME)";
				SWIFT_VERSION = 4.0;
				TARGETED_DEVICE_FAMILY = "1,2";
				TEST_HOST = "$(BUILT_PRODUCTS_DIR)/实验六_Auto Layout.app/实验六_Auto Layout";
			};
			name = Debug;
		};
		3FB752A22197D07400AA0D55 /* Release */ = {
			isa = XCBuildConfiguration;
			buildSettings = {
				ALWAYS_EMBED_SWIFT_STANDARD_LIBRARIES = YES;
				BUNDLE_LOADER = "$(TEST_HOST)";
				CODE_SIGN_STYLE = Automatic;
				INFOPLIST_FILE = "实验六_Auto LayoutTests/Info.plist";
				LD_RUNPATH_SEARCH_PATHS = "$(inherited) @executable_path/Frameworks @loader_path/Frameworks";
				PRODUCT_BUNDLE_IDENTIFIER = "-016110329.----Auto-LayoutTests";
				PRODUCT_NAME = "$(TARGET_NAME)";
				SWIFT_VERSION = 4.0;
				TARGETED_DEVICE_FAMILY = "1,2";
				TEST_HOST = "$(BUILT_PRODUCTS_DIR)/实验六_Auto Layout.app/实验六_Auto Layout";
			};
			name = Release;
		};
		3FB752A42197D07400AA0D55 /* Debug */ = {
			isa = XCBuildConfiguration;
			buildSettings = {
				ALWAYS_EMBED_SWIFT_STANDARD_LIBRARIES = YES;
				CODE_SIGN_STYLE = Automatic;
				INFOPLIST_FILE = "实验六_Auto LayoutUITests/Info.plist";
				LD_RUNPATH_SEARCH_PATHS = "$(inherited) @executable_path/Frameworks @loader_path/Frameworks";
				PRODUCT_BUNDLE_IDENTIFIER = "-016110329.----Auto-LayoutUITests";
				PRODUCT_NAME = "$(TARGET_NAME)";
				SWIFT_VERSION = 4.0;
				TARGETED_DEVICE_FAMILY = "1,2";
				TEST_TARGET_NAME = "实验六_Auto Layout";
			};
			name = Debug;
		};
		3FB752A52197D07400AA0D55 /* Release */ = {
			isa = XCBuildConfiguration;
			buildSettings = {
				ALWAYS_EMBED_SWIFT_STANDARD_LIBRARIES = YES;
				CODE_SIGN_STYLE = Automatic;
				INFOPLIST_FILE = "实验六_Auto LayoutUITests/Info.plist";
				LD_RUNPATH_SEARCH_PATHS = "$(inherited) @executable_path/Frameworks @loader_path/Frameworks";
				PRODUCT_BUNDLE_IDENTIFIER = "-016110329.----Auto-LayoutUITests";
				PRODUCT_NAME = "$(TARGET_NAME)";
				SWIFT_VERSION = 4.0;
				TARGETED_DEVICE_FAMILY = "1,2";
				TEST_TARGET_NAME = "实验六_Auto Layout";
			};
			name = Release;
		};
/* End XCBuildConfiguration section */

/* Begin XCConfigurationList section */
		3FB752702197D07400AA0D55 /* Build configuration list for PBXProject "实验六_Auto Layout" */ = {
			isa = XCConfigurationList;
			buildConfigurations = (
				3FB7529B2197D07400AA0D55 /* Debug */,
				3FB7529C2197D07400AA0D55 /* Release */,
			);
			defaultConfigurationIsVisible = 0;
			defaultConfigurationName = Release;
		};
		3FB7529D2197D07400AA0D55 /* Build configuration list for PBXNativeTarget "实验六_Auto Layout" */ = {
			isa = XCConfigurationList;
			buildConfigurations = (
				3FB7529E2197D07400AA0D55 /* Debug */,
				3FB7529F2197D07400AA0D55 /* Release */,
			);
			defaultConfigurationIsVisible = 0;
			defaultConfigurationName = Release;
		};
		3FB752A02197D07400AA0D55 /* Build configuration list for PBXNativeTarget "实验六_Auto LayoutTests" */ = {
			isa = XCConfigurationList;
			buildConfigurations = (
				3FB752A12197D07400AA0D55 /* Debug */,
				3FB752A22197D07400AA0D55 /* Release */,
			);
			defaultConfigurationIsVisible = 0;
			defaultConfigurationName = Release;
		};
		3FB752A32197D07400AA0D55 /* Build configuration list for PBXNativeTarget "实验六_Auto LayoutUITests" */ = {
			isa = XCConfigurationList;
			buildConfigurations = (
				3FB752A42197D07400AA0D55 /* Debug */,
				3FB752A52197D07400AA0D55 /* Release */,
			);
			defaultConfigurationIsVisible = 0;
			defaultConfigurationName = Release;
		};
/* End XCConfigurationList section */
	};
	rootObject = 3FB7526D2197D07400AA0D55 /* Project object */;
}
